
Microsoft Visual Studio Solution File, Format Version 12.00
# Visual Studio Version 16
VisualStudioVersion = 16.0.31410.357
MinimumVisualStudioVersion = 10.0.40219.1
Project("{FAE04EC0-301F-11D3-BF4B-00C04F79EFBC}") = "IMCApp", "IMCApp\IMCApp.csproj", "{C014A69D-420B-4ADE-B296-CA3C8232F75B}"
EndProject
Global
	GlobalSection(SolutionConfigurationPlatforms) = preSolution
		Debug|Any CPU = Debug|Any CPU
		Release|Any CPU = Release|Any CPU
	EndGlobalSection
	GlobalSection(ProjectConfigurationPlatforms) = postSolution
		{C014A69D-420B-4ADE-B296-CA3C8232F75B}.Debug|Any CPU.ActiveCfg = Debug|Any CPU
		{C014A69D-420B-4ADE-B296-CA3C8232F75B}.Debug|Any CPU.Build.0 = Debug|Any CPU
		{C014A69D-420B-4ADE-B296-CA3C8232F75B}.Release|Any CPU.ActiveCfg = Release|Any CPU
		{C014A69D-420B-4ADE-B296-CA3C8232F75B}.Release|Any CPU.Build.0 = Release|Any CPU
	EndGlobalSection
	GlobalSection(SolutionProperties) = preSolution
		HideSolutionNode = FALSE
	EndGlobalSection
	GlobalSection(ExtensibilityGlobals) = postSolution
		SolutionGuid = {3CA56928-A26E-4A3B-933E-5BCA019B488A}
	EndGlobalSection
EndGlobal
